
Microsoft Visual Studio Solution File, Format Version 12.00
# Visual Studio Version 17
VisualStudioVersion = 17.13.35931.197
MinimumVisualStudioVersion = 10.0.40219.1
Project("{FAE04EC0-301F-11D3-BF4B-00C04F79EFBC}") = "SWP391_RedRibbonLife", "SWP391_RedRibbonLife\SWP391_RedRibbonLife.csproj", "{395EE68F-76E2-44B8-9CBC-FCC3D4B01C3F}"
EndProject
Project("{FAE04EC0-301F-11D3-BF4B-00C04F79EFBC}") = "BLL", "BLL\BLL.csproj", "{358F1CC7-3F88-430C-AE6A-8EB069B5AF50}"
EndProject
Project("{FAE04EC0-301F-11D3-BF4B-00C04F79EFBC}") = "DAL", "DAL\DAL.csproj", "{CFE463F5-158E-4D8A-A29A-70A8B5F83C52}"
EndProject
Global
	GlobalSection(SolutionConfigurationPlatforms) = preSolution
		Debug|Any CPU = Debug|Any CPU
		Release|Any CPU = Release|Any CPU
	EndGlobalSection
	GlobalSection(ProjectConfigurationPlatforms) = postSolution
		{395EE68F-76E2-44B8-9CBC-FCC3D4B01C3F}.Debug|Any CPU.ActiveCfg = Debug|Any CPU
		{395EE68F-76E2-44B8-9CBC-FCC3D4B01C3F}.Debug|Any CPU.Build.0 = Debug|Any CPU
		{395EE68F-76E2-44B8-9CBC-FCC3D4B01C3F}.Release|Any CPU.ActiveCfg = Release|Any CPU
		{395EE68F-76E2-44B8-9CBC-FCC3D4B01C3F}.Release|Any CPU.Build.0 = Release|Any CPU
		{358F1CC7-3F88-430C-AE6A-8EB069B5AF50}.Debug|Any CPU.ActiveCfg = Debug|Any CPU
		{358F1CC7-3F88-430C-AE6A-8EB069B5AF50}.Debug|Any CPU.Build.0 = Debug|Any CPU
		{358F1CC7-3F88-430C-AE6A-8EB069B5AF50}.Release|Any CPU.ActiveCfg = Release|Any CPU
		{358F1CC7-3F88-430C-AE6A-8EB069B5AF50}.Release|Any CPU.Build.0 = Release|Any CPU
		{CFE463F5-158E-4D8A-A29A-70A8B5F83C52}.Debug|Any CPU.ActiveCfg = Debug|Any CPU
		{CFE463F5-158E-4D8A-A29A-70A8B5F83C52}.Debug|Any CPU.Build.0 = Debug|Any CPU
		{CFE463F5-158E-4D8A-A29A-70A8B5F83C52}.Release|Any CPU.ActiveCfg = Release|Any CPU
		{CFE463F5-158E-4D8A-A29A-70A8B5F83C52}.Release|Any CPU.Build.0 = Release|Any CPU
	EndGlobalSection
	GlobalSection(SolutionProperties) = preSolution
		HideSolutionNode = FALSE
	EndGlobalSection
	GlobalSection(ExtensibilityGlobals) = postSolution
		SolutionGuid = {9C60DCCD-8622-427A-8CBD-F180EA051A4F}
	EndGlobalSection
EndGlobal
